NeoBundleLock Align 787662fe90cd057942bc5b682fd70c87e1a9dd77
NeoBundleLock AutoComplPop 0b075cf5e6ef05584ef6377e116e8d0fe1f8f788
NeoBundleLock DumbBuf e7651342de0d6361896f8929c584cf1d42215ae2
NeoBundleLock EasyMotion bde4831d5c6922440651a3423c9b60116415f1db
NeoBundleLock Gundo f443470b96364c24a775629418a6b2562ec9173e
NeoBundleLock JavaScript-syntax e24f4aa35f7d8c18cef41bc4cc76f52db5327f80
NeoBundleLock L9 c822b05ee0886f9a9703227dc85a6d47612c4bf1
NeoBundleLock Pydiction e20ea6ce25862f034977622550e4bfdb3884b150
NeoBundleLock SQLUtilities 566184530da81aa05ae4ac4ba6cf5034292a9b89
NeoBundleLock The-NERD-tree af65bd23e69a3a5fc1a39eb47733191b7110bb1e
NeoBundleLock YankRing.vim 28854abef8fa4ebd3cb219aefcf22566997d8f65
NeoBundleLock ag.vim f755abfb1c4e4e3f59f6cfa25ce16edb5af9e516
NeoBundleLock camelcasemotion 8db17bdee3f42bd71839ead2a84b2ee1916e45c2
NeoBundleLock cascading.vim 698895533dd81ebb18cd0271a70f36ee1faa5754
NeoBundleLock cecutil 53bfe3c673d3b767ac453e8bc542bcfb38cd67df
NeoBundleLock dbext.vim d38ee2a115b17a0f6424011dc26a7d576c7e8668
NeoBundleLock desert256.vim 28218ba05f77003e720ede1e74efaa17cc3e9051
NeoBundleLock emmet-vim abdf10e91c9227f282bd6e635e491beda6719166
NeoBundleLock eregex.vim 084de426c4b85aee060893f5b5e1798a2dfeb713
NeoBundleLock errormarker.vim eab7ae1d8961d3512703aa9eadefbde5f062a970
NeoBundleLock ghcmod-vim 3e012a5b0b904c5c32eeea39071534d492a64a0f
NeoBundleLock gist-vim ea7dc962c5c2ac2a1c4adc94d54cac190d713648
NeoBundleLock git-vim 19b88ad4f00ac570118111b1bc9544f35aae6a49
NeoBundleLock grep.vim 852ddb0c6590bbc41c508d7f5d2fc17112492def
NeoBundleLock haml.zip 430eb45cab9f4daa8b66bdfe64cc1bec0d11b10b
NeoBundleLock jQuery 895d237528151c373d71c99f4812eb45b094e7c8
NeoBundleLock javascript-libraries-syntax.vim e2bb72f7f7bd7c4ecf6867ef28ec5c3c3f938298
NeoBundleLock lingr-vim 9e080ea9b94134d1b51cad4c862d626fcad751ff
NeoBundleLock matchit.zip ced6c409c9beeb0b4142d21906606bd194411d1d
NeoBundleLock minibufexpl.vim c05c2dcd2a8af7ff279089c300bd7f9e81bffd9f
NeoBundleLock molokai db8ce13b3737d3ddea8368498183d7c204a762eb
NeoBundleLock mrkn256.vim 82dd19d58d18012637d80bd09774681304f9b2da
NeoBundleLock neco-look 68b303574956a54ac3ce9b26eb4bc25bdf334c4c
NeoBundleLock neco-ruby 010ea8191fa0a475c90328c79f489325be88771b
NeoBundleLock neocomplcache 778181767467b8f8016828898779a646074d883a
NeoBundleLock neomru.vim 8aa00e181bb764956a40764ae325a485a93f513a
NeoBundleLock neosnippet 7c07c4d8a2228c77ae4d519c936811db662ecd4a
NeoBundleLock nerdcommenter 5cc672a4f2adb734ac671499476034f0cd1d3d72
NeoBundleLock nginx.vim 152bbb2dc00c2df37049ccf75f68f294208c72cb
NeoBundleLock open-browser.vim e17535850b8096b79907df9059fb43c51448f038
NeoBundleLock operator-camelize 46f630e85730b3626bd274da070ca6f254ef626d
NeoBundleLock operator-replace 62e26864c4d4f0829407abceacb9d32948113982
NeoBundleLock operator-user 3f071f9370dfd5320c21d91494d4cc7902ab33e4
NeoBundleLock recognize_charcode.vim e3736c82396ae54160a275329e2915ddd8ca2d83
NeoBundleLock ruby-matchit c4d8079287fc8d804d2a92bcb66964d673666540
NeoBundleLock smartchr bb34ecf2c557f93560a335ea4bd9433d52703af6
NeoBundleLock smartword 5118f75133885a8d8f7369f955568e878b191552
NeoBundleLock syntastic d36bc78070011b4721eee8685cf5d240b8733956
NeoBundleLock tabular 60f25648814f0695eeb6c1040d97adca93c4e0bb
NeoBundleLock tcomment_vim e5da693f339a9cfeab411c5658156ab5bfed6e30
NeoBundleLock typescript-tools 619d879a673e210cf4ad97a40e16421db9ac013e
NeoBundleLock unite-ghq 6851fe9f8c71ba9535ffc061535ab87c29552a10
NeoBundleLock unite-help 5a8dc6cf157627f8ebf16ca60dec2d4125f8008f
NeoBundleLock unite-outline 962aaa61d5585634c15c3a7071df7c6a12c5e3cd
NeoBundleLock unite-rails 1509884b919f0669e07cd73eb86118dd916c3af7
NeoBundleLock unite-tag 6b2de80e0a1f4e4c5701fdbbc9b868e62062adc8
NeoBundleLock unite-vim_hacks ab622c789268c3debbda2ad1ad59a6af9cc976db
NeoBundleLock unite.vim 84c359f4943029e17eb2960efc55d545708b384e
NeoBundleLock urilib.vim a1288710323735fa6f945e9fcee7312b6215036e
NeoBundleLock vim-alignta cb3d593c48d7d3aef829b5aff49ddade24417a9f
NeoBundleLock vim-altercmd 69b471b3b215bbebd2580d1663dc811f9a09b25a
NeoBundleLock vim-autoclose 633cf2285331a7a72190c81c75f10d73f197f709
NeoBundleLock vim-coffee-script 32fe889b8cafd3a4921ef8e6485156453ff58c42
NeoBundleLock vim-colors-solarized 528a59f26d12278698bb946f8fb82a63711eec21
NeoBundleLock vim-endwise f06abe3d6eca6f6ebfc31ea3163a51575f450df6
NeoBundleLock vim-fugitive b5188a1b4f9aabd1454f7b8dd621d467ca7ee3a7
NeoBundleLock vim-gitgutter 1067294cdc379be1deb56074a093b49a8303308f
NeoBundleLock vim-indent-guides 4895e860258cd24c975255ef459af4b956107557
NeoBundleLock vim-markdown 6eac9ffb58c39b42b433002fad4e7a633fd51c5e
NeoBundleLock vim-metarw 3082902c82c3fd0a8aa26df6a5855d70e66022c5
NeoBundleLock vim-metarw-redmine f6c74942a65db9de137d0d35bcace3104e71ab9a
NeoBundleLock vim-multiple-cursors 146fe47ee6b2faf90d6dc1232ef1858883d798bb
NeoBundleLock vim-openbuf 781bd6f9d21d08a5b59f383bc60be752c9e2e878
NeoBundleLock vim-powerline 09c0cea859a2e0989eea740655b35976d951a84e
NeoBundleLock vim-python 05362358dda040f9fb938f6269ab7fe54d8fec0b
NeoBundleLock vim-quickrun 9fff9e5f12fcea45637821e30e6dbee05e748854
NeoBundleLock vim-rails 2156c58437cce1a98e6f095ff4a2e1851b547b46
NeoBundleLock vim-ref 007b0ac409100cf2b83eb7dace5c8235e3737fef
NeoBundleLock vim-ruby 3db2f8362011c984d1acfcae42b5cedf9b64219f
NeoBundleLock vim-scala e294f4427925ccc2127b887d18771f95113330e3
NeoBundleLock vim-slim 0daaa8581f9a9968cebbc7d14ae9acf1625c0389
NeoBundleLock vim-tags 65a745ba545f16867a2281be57492b7c9e639ff1
NeoBundleLock vim-textobj-user a3054162c09bcf732624f43ddacbd85dad09713b
NeoBundleLock vim-toggle e5ff5158fbc3c176ddc432df10e3332c96fe2c7a
NeoBundleLock vim-unite-history 73c766a4dcaa52a1c0306aad81403dc4457c1776
NeoBundleLock vimclojure 5d22269cb35c663d8b0af0e22ca9e2e21b1bc9ce
NeoBundleLock vimdoc_ja 14207be02ecb1de326b1f36792dafe50ab64b774
NeoBundleLock vtreeexplorer a08591d5009bced3eb0974802cfcc53cd22f378a
NeoBundleLock webapi-vim dfc60635e610f9200646a84d11887af9e3d50b10
NeoBundleLock xmledit 5cd9e3930b5a3b2c6e831e1553b1a2c0941c60fd
NeoBundleLock yankround.vim 2db6dc0cc364448e014ad629b2eebf9eaaf0bfa8
NeoBundleLock yuroyoro256.vim 54a040dbfaafd485ad1a66e9a6a8410be33a1600
